Check hooks apply to the repository..................(no files to check)Skipped
Check for useless excludes...........................(no files to check)Skipped
Pretty format TOML.......................................................Passed
Pretty format YAML...................................(no files to check)Skipped
mdformat.............................................(no files to check)Skipped
check for added large files..............................................Passed
check for case conflicts.................................................Passed
check for merge conflicts................................................Passed
check that scripts with shebangs are executable..........................Passed
check json...........................................(no files to check)Skipped
check toml...............................................................Passed
check yaml...........................................(no files to check)Skipped
debug statements (python)............................(no files to check)Skipped
fix end of files.........................................................Passed
pretty format json...................................(no files to check)Skipped
add license for all ICON4Py Python source files......(no files to check)Skipped
uv managed hook..........................................................Passed
uv-lock..................................................................Passed
ruff checker.........................................(no files to check)Skipped
ruff formatter.......................................(no files to check)Skipped
tach module dependency checker...........................................Passed
mypy static type checker.............................(no files to check)Skipped
validate pyproject.toml..............................(no files to check)Skipped
